
Microsoft Visual Studio Solution File, Format Version 12.00
# Visual Studio Version 16
VisualStudioVersion = 16.0.31702.278
MinimumVisualStudioVersion = 10.0.40219.1
Project("{FAE04EC0-301F-11D3-BF4B-00C04F79EFBC}") = "Training_Calendar", "Training_Calendar\Training_Calendar.csproj", "{849DE306-8F42-4A12-8DE1-CA7830DBAFEA}"
EndProject
Global
	GlobalSection(SolutionConfigurationPlatforms) = preSolution
		Debug|Any CPU = Debug|Any CPU
		Release|Any CPU = Release|Any CPU
	EndGlobalSection
	GlobalSection(ProjectConfigurationPlatforms) = postSolution
		{849DE306-8F42-4A12-8DE1-CA7830DBAFEA}.Debug|Any CPU.ActiveCfg = Debug|Any CPU
		{849DE306-8F42-4A12-8DE1-CA7830DBAFEA}.Debug|Any CPU.Build.0 = Debug|Any CPU
		{849DE306-8F42-4A12-8DE1-CA7830DBAFEA}.Release|Any CPU.ActiveCfg = Release|Any CPU
		{849DE306-8F42-4A12-8DE1-CA7830DBAFEA}.Release|Any CPU.Build.0 = Release|Any CPU
	EndGlobalSection
	GlobalSection(SolutionProperties) = preSolution
		HideSolutionNode = FALSE
	EndGlobalSection
	GlobalSection(ExtensibilityGlobals) = postSolution
		SolutionGuid = {564AD0C1-C1F5-4210-A2EC-A00ECC0D9B49}
	EndGlobalSection
EndGlobal
